
Microsoft Visual Studio Solution File, Format Version 12.00
# Visual Studio Version 16
VisualStudioVersion = 25.0.1706.7
MinimumVisualStudioVersion = 10.0.40219.1
Project("{FAE04EC0-301F-11D3-BF4B-00C04F79EFBC}") = "Triviador.1.0", "Triviador.1.0\Triviador.1.0.csproj", "{5861CC90-715B-4E33-AEF1-E70AEB4E02BA}"
EndProject
Global
	GlobalSection(SolutionConfigurationPlatforms) = preSolution
		Debug|Any CPU = Debug|Any CPU
		Release|Any CPU = Release|Any CPU
	EndGlobalSection
	GlobalSection(ProjectConfigurationPlatforms) = postSolution
		{5861CC90-715B-4E33-AEF1-E70AEB4E02BA}.Debug|Any CPU.ActiveCfg = Debug|Any CPU
		{5861CC90-715B-4E33-AEF1-E70AEB4E02BA}.Debug|Any CPU.Build.0 = Debug|Any CPU
		{5861CC90-715B-4E33-AEF1-E70AEB4E02BA}.Release|Any CPU.ActiveCfg = Release|Any CPU
		{5861CC90-715B-4E33-AEF1-E70AEB4E02BA}.Release|Any CPU.Build.0 = Release|Any CPU
	EndGlobalSection
	GlobalSection(SolutionProperties) = preSolution
		HideSolutionNode = FALSE
	EndGlobalSection
	GlobalSection(ExtensibilityGlobals) = postSolution
		SolutionGuid = {3B229053-9279-4897-9DEF-384173F51323}
	EndGlobalSection
EndGlobal
